// !$*UTF8*$!
{
	archiveVersion = 1;
	classes = {
	};
	objectVersion = 50;
	objects = {

/* Begin PBXBuildFile section */
		2E13864C2472DF7500CCA1C3 /* DetailsViewController.swift in Sources */ = {isa = PBXBuildFile; fileRef = 2E13864B2472DF7500CCA1C3 /* DetailsViewController.swift */; };
		2E13864E2472EB6B00CCA1C3 /* DetailsTableViewCell.swift in Sources */ = {isa = PBXBuildFile; fileRef = 2E13864D2472EB6B00CCA1C3 /* DetailsTableViewCell.swift */; };
		2E1386502472FF2000CCA1C3 /* CustomPinModel.swift in Sources */ = {isa = PBXBuildFile; fileRef = 2E13864F2472FF2000CCA1C3 /* CustomPinModel.swift */; };
		2E69077C24699C8200ACA7FA /* AppDelegate.swift in Sources */ = {isa = PBXBuildFile; fileRef = 2E69077B24699C8200ACA7FA /* AppDelegate.swift */; };
		2E69077E24699C8200ACA7FA /* SceneDelegate.swift in Sources */ = {isa = PBXBuildFile; fileRef = 2E69077D24699C8200ACA7FA /* SceneDelegate.swift */; };
		2E69078024699C8200ACA7FA /* HomeViewController.swift in Sources */ = {isa = PBXBuildFile; fileRef = 2E69077F24699C8200ACA7FA /* HomeViewController.swift */; };
		2E69078224699C8200ACA7FA /* MapViewController.swift in Sources */ = {isa = PBXBuildFile; fileRef = 2E69078124699C8200ACA7FA /* MapViewController.swift */; };
		2E69078524699C8200ACA7FA /* Main.storyboard in Resources */ = {isa = PBXBuildFile; fileRef = 2E69078324699C8200ACA7FA /* Main.storyboard */; };
		2E69078824699C8200ACA7FA /* AirQuality.xcdatamodeld in Sources */ = {isa = PBXBuildFile; fileRef = 2E69078624699C8200ACA7FA /* AirQuality.xcdatamodeld */; };
		2E69078A24699C8400ACA7FA /* Assets.xcassets in Resources */ = {isa = PBXBuildFile; fileRef = 2E69078924699C8400ACA7FA /* Assets.xcassets */; };
		2E69078D24699C8400ACA7FA /* LaunchScreen.storyboard in Resources */ = {isa = PBXBuildFile; fileRef = 2E69078B24699C8400ACA7FA /* LaunchScreen.storyboard */; };
		2E9ACA3A246F3031000F51A7 /* SearchTableViewController.swift in Sources */ = {isa = PBXBuildFile; fileRef = 2E9ACA39246F3031000F51A7 /* SearchTableViewController.swift */; };
		2E9ACA3C24719964000F51A7 /* CommuneModel.swift in Sources */ = {isa = PBXBuildFile; fileRef = 2E9ACA3B24719964000F51A7 /* CommuneModel.swift */; };
		2EFDC7872469C21F00E027CB /* StationModel.swift in Sources */ = {isa = PBXBuildFile; fileRef = 2EFDC7862469C21F00E027CB /* StationModel.swift */; };
		2EFDC78B2469C29500E027CB /* SensorModel.swift in Sources */ = {isa = PBXBuildFile; fileRef = 2EFDC78A2469C29500E027CB /* SensorModel.swift */; };
		2EFDC78D2469C2C000E027CB /* IndexModel.swift in Sources */ = {isa = PBXBuildFile; fileRef = 2EFDC78C2469C2C000E027CB /* IndexModel.swift */; };
		2EFDC7912469F2AA00E027CB /* CityModel.swift in Sources */ = {isa = PBXBuildFile; fileRef = 2EFDC7902469F2AA00E027CB /* CityModel.swift */; };
		2EFDC7932469F34800E027CB /* ParamModel.swift in Sources */ = {isa = PBXBuildFile; fileRef = 2EFDC7922469F34800E027CB /* ParamModel.swift */; };
		2EFDC7952469F6A500E027CB /* ValueModel.swift in Sources */ = {isa = PBXBuildFile; fileRef = 2EFDC7942469F6A500E027CB /* ValueModel.swift */; };
		2EFDC7972469F7E300E027CB /* StationsController.swift in Sources */ = {isa = PBXBuildFile; fileRef = 2EFDC7962469F7E300E027CB /* StationsController.swift */; };
/* End PBXBuildFile section */

/* Begin PBXFileReference section */
		2E13864B2472DF7500CCA1C3 /* DetailsViewController.swift */ = {isa = PBXFileReference; lastKnownFileType = sourcecode.swift; path = DetailsViewController.swift; sourceTree = "<group>"; };
		2E13864D2472EB6B00CCA1C3 /* DetailsTableViewCell.swift */ = {isa = PBXFileReference; lastKnownFileType = sourcecode.swift; path = DetailsTableViewCell.swift; sourceTree = "<group>"; };
		2E13864F2472FF2000CCA1C3 /* CustomPinModel.swift */ = {isa = PBXFileReference; lastKnownFileType = sourcecode.swift; path = CustomPinModel.swift; sourceTree = "<group>"; };
		2E69077824699C8200ACA7FA /* AirQuality.app */ = {isa = PBXFileReference; explicitFileType = wrapper.application; includeInIndex = 0; path = AirQuality.app; sourceTree = BUILT_PRODUCTS_DIR; };
		2E69077B24699C8200ACA7FA /* AppDelegate.swift */ = {isa = PBXFileReference; lastKnownFileType = sourcecode.swift; path = AppDelegate.swift; sourceTree = "<group>"; };
		2E69077D24699C8200ACA7FA /* SceneDelegate.swift */ = {isa = PBXFileReference; lastKnownFileType = sourcecode.swift; path = SceneDelegate.swift; sourceTree = "<group>"; };
		2E69077F24699C8200ACA7FA /* HomeViewController.swift */ = {isa = PBXFileReference; lastKnownFileType = sourcecode.swift; path = HomeViewController.swift; sourceTree = "<group>"; };
		2E69078124699C8200ACA7FA /* MapViewController.swift */ = {isa = PBXFileReference; lastKnownFileType = sourcecode.swift; path = MapViewController.swift; sourceTree = "<group>"; };
		2E69078424699C8200ACA7FA /* Base */ = {isa = PBXFileReference; lastKnownFileType = file.storyboard; name = Base; path = Base.lproj/Main.storyboard; sourceTree = "<group>"; };
		2E69078724699C8200ACA7FA /* AirQuality.xcdatamodel */ = {isa = PBXFileReference; lastKnownFileType = wrapper.xcdatamodel; path = AirQuality.xcdatamodel; sourceTree = "<group>"; };
		2E69078924699C8400ACA7FA /* Assets.xcassets */ = {isa = PBXFileReference; lastKnownFileType = folder.assetcatalog; path = Assets.xcassets; sourceTree = "<group>"; };
		2E69078C24699C8400ACA7FA /* Base */ = {isa = PBXFileReference; lastKnownFileType = file.storyboard; name = Base; path = Base.lproj/LaunchScreen.storyboard; sourceTree = "<group>"; };
		2E69078E24699C8400ACA7FA /* Info.plist */ = {isa = PBXFileReference; lastKnownFileType = text.plist.xml; path = Info.plist; sourceTree = "<group>"; };
		2E9ACA39246F3031000F51A7 /* SearchTableViewController.swift */ = {isa = PBXFileReference; lastKnownFileType = sourcecode.swift; path = SearchTableViewController.swift; sourceTree = "<group>"; };
		2E9ACA3B24719964000F51A7 /* CommuneModel.swift */ = {isa = PBXFileReference; lastKnownFileType = sourcecode.swift; path = CommuneModel.swift; sourceTree = "<group>"; };
		2EFDC7862469C21F00E027CB /* StationModel.swift */ = {isa = PBXFileReference; lastKnownFileType = sourcecode.swift; path = StationModel.swift; sourceTree = "<group>"; };
		2EFDC78A2469C29500E027CB /* SensorModel.swift */ = {isa = PBXFileReference; lastKnownFileType = sourcecode.swift; path = SensorModel.swift; sourceTree = "<group>"; };
		2EFDC78C2469C2C000E027CB /* IndexModel.swift */ = {isa = PBXFileReference; lastKnownFileType = sourcecode.swift; path = IndexModel.swift; sourceTree = "<group>"; };
		2EFDC7902469F2AA00E027CB /* CityModel.swift */ = {isa = PBXFileReference; lastKnownFileType = sourcecode.swift; path = CityModel.swift; sourceTree = "<group>"; };
		2EFDC7922469F34800E027CB /* ParamModel.swift */ = {isa = PBXFileReference; lastKnownFileType = sourcecode.swift; path = ParamModel.swift; sourceTree = "<group>"; };
		2EFDC7942469F6A500E027CB /* ValueModel.swift */ = {isa = PBXFileReference; lastKnownFileType = sourcecode.swift; path = ValueModel.swift; sourceTree = "<group>"; };
		2EFDC7962469F7E300E027CB /* StationsController.swift */ = {isa = PBXFileReference; lastKnownFileType = sourcecode.swift; path = StationsController.swift; sourceTree = "<group>"; };
/* End PBXFileReference section */

/* Begin PBXFrameworksBuildPhase section */
		2E69077524699C8200ACA7FA /* Frameworks */ = {
			isa = PBXFrameworksBuildPhase;
			buildActionMask = 2147483647;
			files = (
			);
			runOnlyForDeploymentPostprocessing = 0;
		};
/* End PBXFrameworksBuildPhase section */

/* Begin PBXGroup section */
		2E69076F24699C8200ACA7FA = {
			isa = PBXGroup;
			children = (
				2E69077A24699C8200ACA7FA /* AirQuality */,
				2E69077924699C8200ACA7FA /* Products */,
			);
			sourceTree = "<group>";
		};
		2E69077924699C8200ACA7FA /* Products */ = {
			isa = PBXGroup;
			children = (
				2E69077824699C8200ACA7FA /* AirQuality.app */,
			);
			name = Products;
			sourceTree = "<group>";
		};
		2E69077A24699C8200ACA7FA /* AirQuality */ = {
			isa = PBXGroup;
			children = (
				2E69078124699C8200ACA7FA /* MapViewController.swift */,
				2E69077F24699C8200ACA7FA /* HomeViewController.swift */,
				2E9ACA39246F3031000F51A7 /* SearchTableViewController.swift */,
				2E13864B2472DF7500CCA1C3 /* DetailsViewController.swift */,
				2E13864D2472EB6B00CCA1C3 /* DetailsTableViewCell.swift */,
				2EFDC78F2469F18B00E027CB /* LogicController */,
				2EFDC7852469C1AD00E027CB /* DataModel */,
				2E69077B24699C8200ACA7FA /* AppDelegate.swift */,
				2E69077D24699C8200ACA7FA /* SceneDelegate.swift */,
				2E69078324699C8200ACA7FA /* Main.storyboard */,
				2E69078924699C8400ACA7FA /* Assets.xcassets */,
				2E69078B24699C8400ACA7FA /* LaunchScreen.storyboard */,
				2E69078E24699C8400ACA7FA /* Info.plist */,
				2E69078624699C8200ACA7FA /* AirQuality.xcdatamodeld */,
			);
			path = AirQuality;
			sourceTree = "<group>";
		};
		2EFDC7852469C1AD00E027CB /* DataModel */ = {
			isa = PBXGroup;
			children = (
				2EFDC7862469C21F00E027CB /* StationModel.swift */,
				2EFDC7902469F2AA00E027CB /* CityModel.swift */,
				2E9ACA3B24719964000F51A7 /* CommuneModel.swift */,
				2EFDC78A2469C29500E027CB /* SensorModel.swift */,
				2EFDC78C2469C2C000E027CB /* IndexModel.swift */,
				2EFDC7922469F34800E027CB /* ParamModel.swift */,
				2EFDC7942469F6A500E027CB /* ValueModel.swift */,
				2E13864F2472FF2000CCA1C3 /* CustomPinModel.swift */,
			);
			path = DataModel;
			sourceTree = "<group>";
		};
		2EFDC78F2469F18B00E027CB /* LogicController */ = {
			isa = PBXGroup;
			children = (
				2EFDC7962469F7E300E027CB /* StationsController.swift */,
			);
			path = LogicController;
			sourceTree = "<group>";
		};
/* End PBXGroup section */

/* Begin PBXNativeTarget section */
		2E69077724699C8200ACA7FA /* AirQuality */ = {
			isa = PBXNativeTarget;
			buildConfigurationList = 2E69079124699C8400ACA7FA /* Build configuration list for PBXNativeTarget "AirQuality" */;
			buildPhases = (
				2E69077424699C8200ACA7FA /* Sources */,
				2E69077524699C8200ACA7FA /* Frameworks */,
				2E69077624699C8200ACA7FA /* Resources */,
			);
			buildRules = (
			);
			dependencies = (
			);
			name = AirQuality;
			productName = AirQuality;
			productReference = 2E69077824699C8200ACA7FA /* AirQuality.app */;
			productType = "com.apple.product-type.application";
		};
/* End PBXNativeTarget section */

/* Begin PBXProject section */
		2E69077024699C8200ACA7FA /* Project object */ = {
			isa = PBXProject;
			attributes = {
				LastSwiftUpdateCheck = 1140;
				LastUpgradeCheck = 1140;
				ORGANIZATIONNAME = Talarczyk;
				TargetAttributes = {
					2E69077724699C8200ACA7FA = {
						CreatedOnToolsVersion = 11.4.1;
					};
				};
			};
			buildConfigurationList = 2E69077324699C8200ACA7FA /* Build configuration list for PBXProject "AirQuality" */;
			compatibilityVersion = "Xcode 9.3";
			developmentRegion = en;
			hasScannedForEncodings = 0;
			knownRegions = (
				en,
				Base,
			);
			mainGroup = 2E69076F24699C8200ACA7FA;
			productRefGroup = 2E69077924699C8200ACA7FA /* Products */;
			projectDirPath = "";
			projectRoot = "";
			targets = (
				2E69077724699C8200ACA7FA /* AirQuality */,
			);
		};
/* End PBXProject section */

/* Begin PBXResourcesBuildPhase section */
		2E69077624699C8200ACA7FA /* Resources */ = {
			isa = PBXResourcesBuildPhase;
			buildActionMask = 2147483647;
			files = (
				2E69078D24699C8400ACA7FA /* LaunchScreen.storyboard in Resources */,
				2E69078A24699C8400ACA7FA /* Assets.xcassets in Resources */,
				2E69078524699C8200ACA7FA /* Main.storyboard in Resources */,
			);
			runOnlyForDeploymentPostprocessing = 0;
		};
/* End PBXResourcesBuildPhase section */

/* Begin PBXSourcesBuildPhase section */
		2E69077424699C8200ACA7FA /* Sources */ = {
			isa = PBXSourcesBuildPhase;
			buildActionMask = 2147483647;
			files = (
				2EFDC7912469F2AA00E027CB /* CityModel.swift in Sources */,
				2EFDC7932469F34800E027CB /* ParamModel.swift in Sources */,
				2E69078224699C8200ACA7FA /* MapViewController.swift in Sources */,
				2E9ACA3A246F3031000F51A7 /* SearchTableViewController.swift in Sources */,
				2EFDC7872469C21F00E027CB /* StationModel.swift in Sources */,
				2E1386502472FF2000CCA1C3 /* CustomPinModel.swift in Sources */,
				2E69078024699C8200ACA7FA /* HomeViewController.swift in Sources */,
				2EFDC78B2469C29500E027CB /* SensorModel.swift in Sources */,
				2EFDC7972469F7E300E027CB /* StationsController.swift in Sources */,
				2E69077C24699C8200ACA7FA /* AppDelegate.swift in Sources */,
				2E69077E24699C8200ACA7FA /* SceneDelegate.swift in Sources */,
				2E9ACA3C24719964000F51A7 /* CommuneModel.swift in Sources */,
				2E69078824699C8200ACA7FA /* AirQuality.xcdatamodeld in Sources */,
				2EFDC7952469F6A500E027CB /* ValueModel.swift in Sources */,
				2EFDC78D2469C2C000E027CB /* IndexModel.swift in Sources */,
				2E13864E2472EB6B00CCA1C3 /* DetailsTableViewCell.swift in Sources */,
				2E13864C2472DF7500CCA1C3 /* DetailsViewController.swift in Sources */,
			);
			runOnlyForDeploymentPostprocessing = 0;
		};
/* End PBXSourcesBuildPhase section */

/* Begin PBXVariantGroup section */
		2E69078324699C8200ACA7FA /* Main.storyboard */ = {
			isa = PBXVariantGroup;
			children = (
				2E69078424699C8200ACA7FA /* Base */,
			);
			name = Main.storyboard;
			sourceTree = "<group>";
		};
		2E69078B24699C8400ACA7FA /* LaunchScreen.storyboard */ = {
			isa = PBXVariantGroup;
			children = (
				2E69078C24699C8400ACA7FA /* Base */,
			);
			name = LaunchScreen.storyboard;
			sourceTree = "<group>";
		};
/* End PBXVariantGroup section */

/* Begin XCBuildConfiguration section */
		2E69078F24699C8400ACA7FA /* Debug */ = {
			isa = XCBuildConfiguration;
			buildSettings = {
				ALWAYS_SEARCH_USER_PATHS = NO;
				CLANG_ANALYZER_NONNULL = YES;
				CLANG_ANALYZER_NUMBER_OBJECT_CONVERSION = YES_AGGRESSIVE;
				CLANG_CXX_LANGUAGE_STANDARD = "gnu++14";
				CLANG_CXX_LIBRARY = "libc++";
				CLANG_ENABLE_MODULES = YES;
				CLANG_ENABLE_OBJC_ARC = YES;
				CLANG_ENABLE_OBJC_WEAK = YES;
				CLANG_WARN_BLOCK_CAPTURE_AUTORELEASING = YES;
				CLANG_WARN_BOOL_CONVERSION = YES;
				CLANG_WARN_COMMA = YES;
				CLANG_WARN_CONSTANT_CONVERSION = YES;
				CLANG_WARN_DEPRECATED_OBJC_IMPLEMENTATIONS = YES;
				CLANG_WARN_DIRECT_OBJC_ISA_USAGE = YES_ERROR;
				CLANG_WARN_DOCUMENTATION_COMMENTS = YES;
				CLANG_WARN_EMPTY_BODY = YES;
				CLANG_WARN_ENUM_CONVERSION = YES;
				CLANG_WARN_INFINITE_RECURSION = YES;
				CLANG_WARN_INT_CONVERSION = YES;
				CLANG_WARN_NON_LITERAL_NULL_CONVERSION = YES;
				CLANG_WARN_OBJC_IMPLICIT_RETAIN_SELF = YES;
				CLANG_WARN_OBJC_LITERAL_CONVERSION = YES;
				CLANG_WARN_OBJC_ROOT_CLASS = YES_ERROR;
				CLANG_WARN_RANGE_LOOP_ANALYSIS = YES;
				CLANG_WARN_STRICT_PROTOTYPES = YES;
				CLANG_WARN_SUSPICIOUS_MOVE = YES;
				CLANG_WARN_UNGUARDED_AVAILABILITY = YES_AGGRESSIVE;
				CLANG_WARN_UNREACHABLE_CODE = YES;
				CLANG_WARN__DUPLICATE_METHOD_MATCH = YES;
				COPY_PHASE_STRIP = NO;
				DEBUG_INFORMATION_FORMAT = dwarf;
				ENABLE_STRICT_OBJC_MSGSEND = YES;
				ENABLE_TESTABILITY = YES;
				GCC_C_LANGUAGE_STANDARD = gnu11;
				GCC_DYNAMIC_NO_PIC = NO;
				GCC_NO_COMMON_BLOCKS = YES;
				GCC_OPTIMIZATION_LEVEL = 0;
				GCC_PREPROCESSOR_DEFINITIONS = (
					"DEBUG=1",
					"$(inherited)",
				);
				GCC_WARN_64_TO_32_BIT_CONVERSION = YES;
				GCC_WARN_ABOUT_RETURN_TYPE = YES_ERROR;
				GCC_WARN_UNDECLARED_SELECTOR = YES;
				GCC_WARN_UNINITIALIZED_AUTOS = YES_AGGRESSIVE;
				GCC_WARN_UNUSED_FUNCTION = YES;
				GCC_WARN_UNUSED_VARIABLE = YES;
				IPHONEOS_DEPLOYMENT_TARGET = 13.4;
				MTL_ENABLE_DEBUG_INFO = INCLUDE_SOURCE;
				MTL_FAST_MATH = YES;
				ONLY_ACTIVE_ARCH = YES;
				SDKROOT = iphoneos;
				SWIFT_ACTIVE_COMPILATION_CONDITIONS = DEBUG;
				SWIFT_OPTIMIZATION_LEVEL = "-Onone";
			};
			name = Debug;
		};
		2E69079024699C8400ACA7FA /* Release */ = {
			isa = XCBuildConfiguration;
			buildSettings = {
				ALWAYS_SEARCH_USER_PATHS = NO;
				CLANG_ANALYZER_NONNULL = YES;
				CLANG_ANALYZER_NUMBER_OBJECT_CONVERSION = YES_AGGRESSIVE;
				CLANG_CXX_LANGUAGE_STANDARD = "gnu++14";
				CLANG_CXX_LIBRARY = "libc++";
				CLANG_ENABLE_MODULES = YES;
				CLANG_ENABLE_OBJC_ARC = YES;
				CLANG_ENABLE_OBJC_WEAK = YES;
				CLANG_WARN_BLOCK_CAPTURE_AUTORELEASING = YES;
				CLANG_WARN_BOOL_CONVERSION = YES;
				CLANG_WARN_COMMA = YES;
				CLANG_WARN_CONSTANT_CONVERSION = YES;
				CLANG_WARN_DEPRECATED_OBJC_IMPLEMENTATIONS = YES;
				CLANG_WARN_DIRECT_OBJC_ISA_USAGE = YES_ERROR;
				CLANG_WARN_DOCUMENTATION_COMMENTS = YES;
				CLANG_WARN_EMPTY_BODY = YES;
				CLANG_WARN_ENUM_CONVERSION = YES;
				CLANG_WARN_INFINITE_RECURSION = YES;
				CLANG_WARN_INT_CONVERSION = YES;
				CLANG_WARN_NON_LITERAL_NULL_CONVERSION = YES;
				CLANG_WARN_OBJC_IMPLICIT_RETAIN_SELF = YES;
				CLANG_WARN_OBJC_LITERAL_CONVERSION = YES;
				CLANG_WARN_OBJC_ROOT_CLASS = YES_ERROR;
				CLANG_WARN_RANGE_LOOP_ANALYSIS = YES;
				CLANG_WARN_STRICT_PROTOTYPES = YES;
				CLANG_WARN_SUSPICIOUS_MOVE = YES;
				CLANG_WARN_UNGUARDED_AVAILABILITY = YES_AGGRESSIVE;
				CLANG_WARN_UNREACHABLE_CODE = YES;
				CLANG_WARN__DUPLICATE_METHOD_MATCH = YES;
				COPY_PHASE_STRIP = NO;
				DEBUG_INFORMATION_FORMAT = "dwarf-with-dsym";
				ENABLE_NS_ASSERTIONS = NO;
				ENABLE_STRICT_OBJC_MSGSEND = YES;
				GCC_C_LANGUAGE_STANDARD = gnu11;
				GCC_NO_COMMON_BLOCKS = YES;
				GCC_WARN_64_TO_32_BIT_CONVERSION = YES;
				GCC_WARN_ABOUT_RETURN_TYPE = YES_ERROR;
				GCC_WARN_UNDECLARED_SELECTOR = YES;
				GCC_WARN_UNINITIALIZED_AUTOS = YES_AGGRESSIVE;
				GCC_WARN_UNUSED_FUNCTION = YES;
				GCC_WARN_UNUSED_VARIABLE = YES;
				IPHONEOS_DEPLOYMENT_TARGET = 13.4;
				MTL_ENABLE_DEBUG_INFO = NO;
				MTL_FAST_MATH = YES;
				SDKROOT = iphoneos;
				SWIFT_COMPILATION_MODE = wholemodule;
				SWIFT_OPTIMIZATION_LEVEL = "-O";
				VALIDATE_PRODUCT = YES;
			};
			name = Release;
		};
		2E69079224699C8400ACA7FA /* Debug */ = {
			isa = XCBuildConfiguration;
			buildSettings = {
				ASSETCATALOG_COMPILER_APPICON_NAME = AppIcon;
				CODE_SIGN_STYLE = Automatic;
				DEVELOPMENT_TEAM = GQ732L5UV6;
				INFOPLIST_FILE = AirQuality/Info.plist;
				LD_RUNPATH_SEARCH_PATHS = (
					"$(inherited)",
					"@executable_path/Frameworks",
				);
				PRODUCT_BUNDLE_IDENTIFIER = talarczyk.AirQuality;
				PRODUCT_NAME = "$(TARGET_NAME)";
				SWIFT_VERSION = 5.0;
				TARGETED_DEVICE_FAMILY = 1;
			};
			name = Debug;
		};
		2E69079324699C8400ACA7FA /* Release */ = {
			isa = XCBuildConfiguration;
			buildSettings = {
				ASSETCATALOG_COMPILER_APPICON_NAME = AppIcon;
				CODE_SIGN_STYLE = Automatic;
				DEVELOPMENT_TEAM = GQ732L5UV6;
				INFOPLIST_FILE = AirQuality/Info.plist;
				LD_RUNPATH_SEARCH_PATHS = (
					"$(inherited)",
					"@executable_path/Frameworks",
				);
				PRODUCT_BUNDLE_IDENTIFIER = talarczyk.AirQuality;
				PRODUCT_NAME = "$(TARGET_NAME)";
				SWIFT_VERSION = 5.0;
				TARGETED_DEVICE_FAMILY = 1;
			};
			name = Release;
		};
/* End XCBuildConfiguration section */

/* Begin XCConfigurationList section */
		2E69077324699C8200ACA7FA /* Build configuration list for PBXProject "AirQuality" */ = {
			isa = XCConfigurationList;
			buildConfigurations = (
				2E69078F24699C8400ACA7FA /* Debug */,
				2E69079024699C8400ACA7FA /* Release */,
			);
			defaultConfigurationIsVisible = 0;
			defaultConfigurationName = Release;
		};
		2E69079124699C8400ACA7FA /* Build configuration list for PBXNativeTarget "AirQuality" */ = {
			isa = XCConfigurationList;
			buildConfigurations = (
				2E69079224699C8400ACA7FA /* Debug */,
				2E69079324699C8400ACA7FA /* Release */,
			);
			defaultConfigurationIsVisible = 0;
			defaultConfigurationName = Release;
		};
/* End XCConfigurationList section */

/* Begin XCVersionGroup section */
		2E69078624699C8200ACA7FA /* AirQuality.xcdatamodeld */ = {
			isa = XCVersionGroup;
			children = (
				2E69078724699C8200ACA7FA /* AirQuality.xcdatamodel */,
			);
			currentVersion = 2E69078724699C8200ACA7FA /* AirQuality.xcdatamodel */;
			path = AirQuality.xcdatamodeld;
			sourceTree = "<group>";
			versionGroupType = wrapper.xcdatamodel;
		};
/* End XCVersionGroup section */
	};
	rootObject = 2E69077024699C8200ACA7FA /* Project object */;
}
